// !$*UTF8*$!
{
	archiveVersion = 1;
	classes = {
	};
	objectVersion = 52;
	objects = {

/* Begin PBXBuildFile section */
		59267D882663BB6B00B8812B /* FlightFullDetailsViewController.swift in Sources */ = {isa = PBXBuildFile; fileRef = 59267D872663BB6B00B8812B /* FlightFullDetailsViewController.swift */; };
		59267D8A2663C54100B8812B /* TransitionDelegate.swift in Sources */ = {isa = PBXBuildFile; fileRef = 59267D892663C54100B8812B /* TransitionDelegate.swift */; };
		59267D912664010D00B8812B /* CommonModels.framework in Frameworks */ = {isa = PBXBuildFile; fileRef = 59267D902664010D00B8812B /* CommonModels.framework */; };
		59267D922664010D00B8812B /* CommonModels.framework in Embed Frameworks */ = {isa = PBXBuildFile; fileRef = 59267D902664010D00B8812B /* CommonModels.framework */; settings = {ATTRIBUTES = (CodeSignOnCopy, RemoveHeadersOnCopy, ); }; };
		59267D95266409CB00B8812B /* Suggestions.framework in Frameworks */ = {isa = PBXBuildFile; fileRef = 59267D94266409CB00B8812B /* Suggestions.framework */; };
		59267D96266409CB00B8812B /* Suggestions.framework in Embed Frameworks */ = {isa = PBXBuildFile; fileRef = 59267D94266409CB00B8812B /* Suggestions.framework */; settings = {ATTRIBUTES = (CodeSignOnCopy, RemoveHeadersOnCopy, ); }; };
		59267D98266409CF00B8812B /* API.framework in Frameworks */ = {isa = PBXBuildFile; fileRef = 59267D97266409CF00B8812B /* API.framework */; };
		59267D99266409CF00B8812B /* API.framework in Embed Frameworks */ = {isa = PBXBuildFile; fileRef = 59267D97266409CF00B8812B /* API.framework */; settings = {ATTRIBUTES = (CodeSignOnCopy, RemoveHeadersOnCopy, ); }; };
		59267D9B266409D500B8812B /* Storage.framework in Frameworks */ = {isa = PBXBuildFile; fileRef = 59267D9A266409D500B8812B /* Storage.framework */; };
		59267D9C266409D500B8812B /* Storage.framework in Embed Frameworks */ = {isa = PBXBuildFile; fileRef = 59267D9A266409D500B8812B /* Storage.framework */; settings = {ATTRIBUTES = (CodeSignOnCopy, RemoveHeadersOnCopy, ); }; };
		596A76782665051F006C36EE /* FlightCardView.swift in Sources */ = {isa = PBXBuildFile; fileRef = 596A76772665051F006C36EE /* FlightCardView.swift */; };
		596A767A2665054A006C36EE /* TitledLabel.swift in Sources */ = {isa = PBXBuildFile; fileRef = 596A76792665054A006C36EE /* TitledLabel.swift */; };
		596A767C266505CC006C36EE /* FlightBlurredCardView.swift in Sources */ = {isa = PBXBuildFile; fileRef = 596A767B266505CC006C36EE /* FlightBlurredCardView.swift */; };
		596A7684266507B8006C36EE /* BlurredCardView.swift in Sources */ = {isa = PBXBuildFile; fileRef = 596A7683266507B8006C36EE /* BlurredCardView.swift */; };
		596A768A266586A9006C36EE /* ZoomFlowLayout.swift in Sources */ = {isa = PBXBuildFile; fileRef = 596A7689266586A9006C36EE /* ZoomFlowLayout.swift */; };
		596A76F426661946006C36EE /* Location.framework in Frameworks */ = {isa = PBXBuildFile; fileRef = 596A76F326661946006C36EE /* Location.framework */; };
		596A76F526661946006C36EE /* Location.framework in Embed Frameworks */ = {isa = PBXBuildFile; fileRef = 596A76F326661946006C36EE /* Location.framework */; settings = {ATTRIBUTES = (CodeSignOnCopy, RemoveHeadersOnCopy, ); }; };
		596A76F82666278F006C36EE /* CurrentDateProvider.swift in Sources */ = {isa = PBXBuildFile; fileRef = 596A76F72666278F006C36EE /* CurrentDateProvider.swift */; };
		596A76FA266627AB006C36EE /* CurrentLocationProvider.swift in Sources */ = {isa = PBXBuildFile; fileRef = 596A76F9266627AB006C36EE /* CurrentLocationProvider.swift */; };
		5984C1F726619A87005945EB /* TinyConstraints in Frameworks */ = {isa = PBXBuildFile; productRef = 5984C1F626619A87005945EB /* TinyConstraints */; };
		59E36305265D717A00BB1A4B /* AppDelegate.swift in Sources */ = {isa = PBXBuildFile; fileRef = 59E36304265D717A00BB1A4B /* AppDelegate.swift */; };
		59E36307265D717A00BB1A4B /* SceneDelegate.swift in Sources */ = {isa = PBXBuildFile; fileRef = 59E36306265D717A00BB1A4B /* SceneDelegate.swift */; };
		59E36309265D717A00BB1A4B /* FlightSuggestionsViewController.swift in Sources */ = {isa = PBXBuildFile; fileRef = 59E36308265D717A00BB1A4B /* FlightSuggestionsViewController.swift */; };
		59E3630C265D717A00BB1A4B /* Main.storyboard in Resources */ = {isa = PBXBuildFile; fileRef = 59E3630A265D717A00BB1A4B /* Main.storyboard */; };
		59E3630E265D717C00BB1A4B /* Assets.xcassets in Resources */ = {isa = PBXBuildFile; fileRef = 59E3630D265D717C00BB1A4B /* Assets.xcassets */; };
		59E36311265D717C00BB1A4B /* LaunchScreen.storyboard in Resources */ = {isa = PBXBuildFile; fileRef = 59E3630F265D717C00BB1A4B /* LaunchScreen.storyboard */; };
		59E3631C265D717C00BB1A4B /* KiwiSuggestionsTests.swift in Sources */ = {isa = PBXBuildFile; fileRef = 59E3631B265D717C00BB1A4B /* KiwiSuggestionsTests.swift */; };
		59E36327265D717C00BB1A4B /* KiwiSuggestionsUITests.swift in Sources */ = {isa = PBXBuildFile; fileRef = 59E36326265D717C00BB1A4B /* KiwiSuggestionsUITests.swift */; };
/* End PBXBuildFile section */

/* Begin PBXContainerItemProxy section */
		59E36318265D717C00BB1A4B /* PBXContainerItemProxy */ = {
			isa = PBXContainerItemProxy;
			containerPortal = 59E362F9265D717A00BB1A4B /* Project object */;
			proxyType = 1;
			remoteGlobalIDString = 59E36300265D717A00BB1A4B;
			remoteInfo = KiwiSuggestions;
		};
		59E36323265D717C00BB1A4B /* PBXContainerItemProxy */ = {
			isa = PBXContainerItemProxy;
			containerPortal = 59E362F9265D717A00BB1A4B /* Project object */;
			proxyType = 1;
			remoteGlobalIDString = 59E36300265D717A00BB1A4B;
			remoteInfo = KiwiSuggestions;
		};
/* End PBXContainerItemProxy section */

/* Begin PBXCopyFilesBuildPhase section */
		59267D932664010D00B8812B /* Embed Frameworks */ = {
			isa = PBXCopyFilesBuildPhase;
			buildActionMask = 2147483647;
			dstPath = "";
			dstSubfolderSpec = 10;
			files = (
				596A76F526661946006C36EE /* Location.framework in Embed Frameworks */,
				59267D96266409CB00B8812B /* Suggestions.framework in Embed Frameworks */,
				59267D99266409CF00B8812B /* API.framework in Embed Frameworks */,
				59267D9C266409D500B8812B /* Storage.framework in Embed Frameworks */,
				59267D922664010D00B8812B /* CommonModels.framework in Embed Frameworks */,
			);
			name = "Embed Frameworks";
			runOnlyForDeploymentPostprocessing = 0;
		};
/* End PBXCopyFilesBuildPhase section */

/* Begin PBXFileReference section */
		59267D872663BB6B00B8812B /* FlightFullDetailsViewController.swift */ = {isa = PBXFileReference; lastKnownFileType = sourcecode.swift; path = FlightFullDetailsViewController.swift; sourceTree = "<group>"; };
		59267D892663C54100B8812B /* TransitionDelegate.swift */ = {isa = PBXFileReference; lastKnownFileType = sourcecode.swift; path = TransitionDelegate.swift; sourceTree = "<group>"; };
		59267D902664010D00B8812B /* CommonModels.framework */ = {isa = PBXFileReference; explicitFileType = wrapper.framework; path = CommonModels.framework; sourceTree = BUILT_PRODUCTS_DIR; };
		59267D94266409CB00B8812B /* Suggestions.framework */ = {isa = PBXFileReference; explicitFileType = wrapper.framework; path = Suggestions.framework; sourceTree = BUILT_PRODUCTS_DIR; };
		59267D97266409CF00B8812B /* API.framework */ = {isa = PBXFileReference; explicitFileType = wrapper.framework; path = API.framework; sourceTree = BUILT_PRODUCTS_DIR; };
		59267D9A266409D500B8812B /* Storage.framework */ = {isa = PBXFileReference; explicitFileType = wrapper.framework; path = Storage.framework; sourceTree = BUILT_PRODUCTS_DIR; };
		596A76772665051F006C36EE /* FlightCardView.swift */ = {isa = PBXFileReference; lastKnownFileType = sourcecode.swift; path = FlightCardView.swift; sourceTree = "<group>"; };
		596A76792665054A006C36EE /* TitledLabel.swift */ = {isa = PBXFileReference; lastKnownFileType = sourcecode.swift; path = TitledLabel.swift; sourceTree = "<group>"; };
		596A767B266505CC006C36EE /* FlightBlurredCardView.swift */ = {isa = PBXFileReference; lastKnownFileType = sourcecode.swift; path = FlightBlurredCardView.swift; sourceTree = "<group>"; };
		596A7683266507B8006C36EE /* BlurredCardView.swift */ = {isa = PBXFileReference; lastKnownFileType = sourcecode.swift; path = BlurredCardView.swift; sourceTree = "<group>"; };
		596A7689266586A9006C36EE /* ZoomFlowLayout.swift */ = {isa = PBXFileReference; lastKnownFileType = sourcecode.swift; path = ZoomFlowLayout.swift; sourceTree = "<group>"; };
		596A76C12666184D006C36EE /* LocationService.framework */ = {isa = PBXFileReference; explicitFileType = wrapper.framework; path = LocationService.framework; sourceTree = BUILT_PRODUCTS_DIR; };
		596A76F326661946006C36EE /* Location.framework */ = {isa = PBXFileReference; explicitFileType = wrapper.framework; path = Location.framework; sourceTree = BUILT_PRODUCTS_DIR; };
		596A76F72666278F006C36EE /* CurrentDateProvider.swift */ = {isa = PBXFileReference; lastKnownFileType = sourcecode.swift; path = CurrentDateProvider.swift; sourceTree = "<group>"; };
		596A76F9266627AB006C36EE /* CurrentLocationProvider.swift */ = {isa = PBXFileReference; lastKnownFileType = sourcecode.swift; path = CurrentLocationProvider.swift; sourceTree = "<group>"; };
		59E36301265D717A00BB1A4B /* KiwiSuggestions.app */ = {isa = PBXFileReference; explicitFileType = wrapper.application; includeInIndex = 0; path = KiwiSuggestions.app; sourceTree = BUILT_PRODUCTS_DIR; };
		59E36304265D717A00BB1A4B /* AppDelegate.swift */ = {isa = PBXFileReference; lastKnownFileType = sourcecode.swift; path = AppDelegate.swift; sourceTree = "<group>"; };
		59E36306265D717A00BB1A4B /* SceneDelegate.swift */ = {isa = PBXFileReference; lastKnownFileType = sourcecode.swift; path = SceneDelegate.swift; sourceTree = "<group>"; };
		59E36308265D717A00BB1A4B /* FlightSuggestionsViewController.swift */ = {isa = PBXFileReference; lastKnownFileType = sourcecode.swift; path = FlightSuggestionsViewController.swift; sourceTree = "<group>"; };
		59E3630B265D717A00BB1A4B /* Base */ = {isa = PBXFileReference; lastKnownFileType = file.storyboard; name = Base; path = Base.lproj/Main.storyboard; sourceTree = "<group>"; };
		59E3630D265D717C00BB1A4B /* Assets.xcassets */ = {isa = PBXFileReference; lastKnownFileType = folder.assetcatalog; path = Assets.xcassets; sourceTree = "<group>"; };
		59E36310265D717C00BB1A4B /* Base */ = {isa = PBXFileReference; lastKnownFileType = file.storyboard; name = Base; path = Base.lproj/LaunchScreen.storyboard; sourceTree = "<group>"; };
		59E36312265D717C00BB1A4B /* Info.plist */ = {isa = PBXFileReference; lastKnownFileType = text.plist.xml; path = Info.plist; sourceTree = "<group>"; };
		59E36317265D717C00BB1A4B /* KiwiSuggestionsTests.xctest */ = {isa = PBXFileReference; explicitFileType = wrapper.cfbundle; includeInIndex = 0; path = KiwiSuggestionsTests.xctest; sourceTree = BUILT_PRODUCTS_DIR; };
		59E3631B265D717C00BB1A4B /* KiwiSuggestionsTests.swift */ = {isa = PBXFileReference; lastKnownFileType = sourcecode.swift; path = KiwiSuggestionsTests.swift; sourceTree = "<group>"; };
		59E3631D265D717C00BB1A4B /* Info.plist */ = {isa = PBXFileReference; lastKnownFileType = text.plist.xml; path = Info.plist; sourceTree = "<group>"; };
		59E36322265D717C00BB1A4B /* KiwiSuggestionsUITests.xctest */ = {isa = PBXFileReference; explicitFileType = wrapper.cfbundle; includeInIndex = 0; path = KiwiSuggestionsUITests.xctest; sourceTree = BUILT_PRODUCTS_DIR; };
		59E36326265D717C00BB1A4B /* KiwiSuggestionsUITests.swift */ = {isa = PBXFileReference; lastKnownFileType = sourcecode.swift; path = KiwiSuggestionsUITests.swift; sourceTree = "<group>"; };
		59E36328265D717C00BB1A4B /* Info.plist */ = {isa = PBXFileReference; lastKnownFileType = text.plist.xml; path = Info.plist; sourceTree = "<group>"; };
		59E36359265D75BF00BB1A4B /* KiwiSuggestions.entitlements */ = {isa = PBXFileReference; lastKnownFileType = text.plist.entitlements; path = KiwiSuggestions.entitlements; sourceTree = "<group>"; };
/* End PBXFileReference section */

/* Begin PBXFrameworksBuildPhase section */
		59E362FE265D717A00BB1A4B /* Frameworks */ = {
			isa = PBXFrameworksBuildPhase;
			buildActionMask = 2147483647;
			files = (
				59267D95266409CB00B8812B /* Suggestions.framework in Frameworks */,
				5984C1F726619A87005945EB /* TinyConstraints in Frameworks */,
				59267D9B266409D500B8812B /* Storage.framework in Frameworks */,
				596A76F426661946006C36EE /* Location.framework in Frameworks */,
				59267D912664010D00B8812B /* CommonModels.framework in Frameworks */,
				59267D98266409CF00B8812B /* API.framework in Frameworks */,
			);
			runOnlyForDeploymentPostprocessing = 0;
		};
		59E36314265D717C00BB1A4B /* Frameworks */ = {
			isa = PBXFrameworksBuildPhase;
			buildActionMask = 2147483647;
			files = (
			);
			runOnlyForDeploymentPostprocessing = 0;
		};
		59E3631F265D717C00BB1A4B /* Frameworks */ = {
			isa = PBXFrameworksBuildPhase;
			buildActionMask = 2147483647;
			files = (
			);
			runOnlyForDeploymentPostprocessing = 0;
		};
/* End PBXFrameworksBuildPhase section */

/* Begin PBXGroup section */
		59267D8F2664010D00B8812B /* Frameworks */ = {
			isa = PBXGroup;
			children = (
				596A76F326661946006C36EE /* Location.framework */,
				596A76C12666184D006C36EE /* LocationService.framework */,
				59267D9A266409D500B8812B /* Storage.framework */,
				59267D97266409CF00B8812B /* API.framework */,
				59267D94266409CB00B8812B /* Suggestions.framework */,
				59267D902664010D00B8812B /* CommonModels.framework */,
			);
			name = Frameworks;
			sourceTree = "<group>";
		};
		596A767626650515006C36EE /* Views */ = {
			isa = PBXGroup;
			children = (
				596A76772665051F006C36EE /* FlightCardView.swift */,
				596A76792665054A006C36EE /* TitledLabel.swift */,
				596A767B266505CC006C36EE /* FlightBlurredCardView.swift */,
				596A7683266507B8006C36EE /* BlurredCardView.swift */,
			);
			path = Views;
			sourceTree = "<group>";
		};
		596A768D26661245006C36EE /* ViewControllers */ = {
			isa = PBXGroup;
			children = (
				59267D872663BB6B00B8812B /* FlightFullDetailsViewController.swift */,
				59E36308265D717A00BB1A4B /* FlightSuggestionsViewController.swift */,
			);
			path = ViewControllers;
			sourceTree = "<group>";
		};
		596A76F626662768006C36EE /* Auxiliary */ = {
			isa = PBXGroup;
			children = (
				596A76F72666278F006C36EE /* CurrentDateProvider.swift */,
				59267D892663C54100B8812B /* TransitionDelegate.swift */,
				596A7689266586A9006C36EE /* ZoomFlowLayout.swift */,
				596A76F9266627AB006C36EE /* CurrentLocationProvider.swift */,
			);
			path = Auxiliary;
			sourceTree = "<group>";
		};
		59E362F8265D717A00BB1A4B = {
			isa = PBXGroup;
			children = (
				59E36303265D717A00BB1A4B /* KiwiSuggestions */,
				59E3631A265D717C00BB1A4B /* KiwiSuggestionsTests */,
				59E36325265D717C00BB1A4B /* KiwiSuggestionsUITests */,
				59E36302265D717A00BB1A4B /* Products */,
				59267D8F2664010D00B8812B /* Frameworks */,
			);
			sourceTree = "<group>";
		};
		59E36302265D717A00BB1A4B /* Products */ = {
			isa = PBXGroup;
			children = (
				59E36301265D717A00BB1A4B /* KiwiSuggestions.app */,
				59E36317265D717C00BB1A4B /* KiwiSuggestionsTests.xctest */,
				59E36322265D717C00BB1A4B /* KiwiSuggestionsUITests.xctest */,
			);
			name = Products;
			sourceTree = "<group>";
		};
		59E36303265D717A00BB1A4B /* KiwiSuggestions */ = {
			isa = PBXGroup;
			children = (
				59E36359265D75BF00BB1A4B /* KiwiSuggestions.entitlements */,
				596A768D26661245006C36EE /* ViewControllers */,
				596A767626650515006C36EE /* Views */,
				596A76F626662768006C36EE /* Auxiliary */,
				59E36304265D717A00BB1A4B /* AppDelegate.swift */,
				59E36306265D717A00BB1A4B /* SceneDelegate.swift */,
				59E3630A265D717A00BB1A4B /* Main.storyboard */,
				59E3630D265D717C00BB1A4B /* Assets.xcassets */,
				59E3630F265D717C00BB1A4B /* LaunchScreen.storyboard */,
				59E36312265D717C00BB1A4B /* Info.plist */,
			);
			path = KiwiSuggestions;
			sourceTree = "<group>";
		};
		59E3631A265D717C00BB1A4B /* KiwiSuggestionsTests */ = {
			isa = PBXGroup;
			children = (
				59E3631B265D717C00BB1A4B /* KiwiSuggestionsTests.swift */,
				59E3631D265D717C00BB1A4B /* Info.plist */,
			);
			path = KiwiSuggestionsTests;
			sourceTree = "<group>";
		};
		59E36325265D717C00BB1A4B /* KiwiSuggestionsUITests */ = {
			isa = PBXGroup;
			children = (
				59E36326265D717C00BB1A4B /* KiwiSuggestionsUITests.swift */,
				59E36328265D717C00BB1A4B /* Info.plist */,
			);
			path = KiwiSuggestionsUITests;
			sourceTree = "<group>";
		};
/* End PBXGroup section */

/* Begin PBXNativeTarget section */
		59E36300265D717A00BB1A4B /* KiwiSuggestions */ = {
			isa = PBXNativeTarget;
			buildConfigurationList = 59E3632B265D717C00BB1A4B /* Build configuration list for PBXNativeTarget "KiwiSuggestions" */;
			buildPhases = (
				59E362FD265D717A00BB1A4B /* Sources */,
				59E362FE265D717A00BB1A4B /* Frameworks */,
				59E362FF265D717A00BB1A4B /* Resources */,
				59267D932664010D00B8812B /* Embed Frameworks */,
			);
			buildRules = (
			);
			dependencies = (
			);
			name = KiwiSuggestions;
			packageProductDependencies = (
				5984C1F626619A87005945EB /* TinyConstraints */,
			);
			productName = KiwiSuggestions;
			productReference = 59E36301265D717A00BB1A4B /* KiwiSuggestions.app */;
			productType = "com.apple.product-type.application";
		};
		59E36316265D717C00BB1A4B /* KiwiSuggestionsTests */ = {
			isa = PBXNativeTarget;
			buildConfigurationList = 59E3632E265D717C00BB1A4B /* Build configuration list for PBXNativeTarget "KiwiSuggestionsTests" */;
			buildPhases = (
				59E36313265D717C00BB1A4B /* Sources */,
				59E36314265D717C00BB1A4B /* Frameworks */,
				59E36315265D717C00BB1A4B /* Resources */,
			);
			buildRules = (
			);
			dependencies = (
				59E36319265D717C00BB1A4B /* PBXTargetDependency */,
			);
			name = KiwiSuggestionsTests;
			productName = KiwiSuggestionsTests;
			productReference = 59E36317265D717C00BB1A4B /* KiwiSuggestionsTests.xctest */;
			productType = "com.apple.product-type.bundle.unit-test";
		};
		59E36321265D717C00BB1A4B /* KiwiSuggestionsUITests */ = {
			isa = PBXNativeTarget;
			buildConfigurationList = 59E36331265D717C00BB1A4B /* Build configuration list for PBXNativeTarget "KiwiSuggestionsUITests" */;
			buildPhases = (
				59E3631E265D717C00BB1A4B /* Sources */,
				59E3631F265D717C00BB1A4B /* Frameworks */,
				59E36320265D717C00BB1A4B /* Resources */,
			);
			buildRules = (
			);
			dependencies = (
				59E36324265D717C00BB1A4B /* PBXTargetDependency */,
			);
			name = KiwiSuggestionsUITests;
			productName = KiwiSuggestionsUITests;
			productReference = 59E36322265D717C00BB1A4B /* KiwiSuggestionsUITests.xctest */;
			productType = "com.apple.product-type.bundle.ui-testing";
		};
/* End PBXNativeTarget section */

/* Begin PBXProject section */
		59E362F9265D717A00BB1A4B /* Project object */ = {
			isa = PBXProject;
			attributes = {
				LastSwiftUpdateCheck = 1250;
				LastUpgradeCheck = 1250;
				TargetAttributes = {
					59E36300265D717A00BB1A4B = {
						CreatedOnToolsVersion = 12.5;
					};
					59E36316265D717C00BB1A4B = {
						CreatedOnToolsVersion = 12.5;
						TestTargetID = 59E36300265D717A00BB1A4B;
					};
					59E36321265D717C00BB1A4B = {
						CreatedOnToolsVersion = 12.5;
						TestTargetID = 59E36300265D717A00BB1A4B;
					};
				};
			};
			buildConfigurationList = 59E362FC265D717A00BB1A4B /* Build configuration list for PBXProject "KiwiSuggestions" */;
			compatibilityVersion = "Xcode 9.3";
			developmentRegion = en;
			hasScannedForEncodings = 0;
			knownRegions = (
				en,
				Base,
			);
			mainGroup = 59E362F8265D717A00BB1A4B;
			packageReferences = (
				5984C1F526619A87005945EB /* XCRemoteSwiftPackageReference "TinyConstraints" */,
			);
			productRefGroup = 59E36302265D717A00BB1A4B /* Products */;
			projectDirPath = "";
			projectRoot = "";
			targets = (
				59E36300265D717A00BB1A4B /* KiwiSuggestions */,
				59E36316265D717C00BB1A4B /* KiwiSuggestionsTests */,
				59E36321265D717C00BB1A4B /* KiwiSuggestionsUITests */,
			);
		};
/* End PBXProject section */

/* Begin PBXResourcesBuildPhase section */
		59E362FF265D717A00BB1A4B /* Resources */ = {
			isa = PBXResourcesBuildPhase;
			buildActionMask = 2147483647;
			files = (
				59E36311265D717C00BB1A4B /* LaunchScreen.storyboard in Resources */,
				59E3630E265D717C00BB1A4B /* Assets.xcassets in Resources */,
				59E3630C265D717A00BB1A4B /* Main.storyboard in Resources */,
			);
			runOnlyForDeploymentPostprocessing = 0;
		};
		59E36315265D717C00BB1A4B /* Resources */ = {
			isa = PBXResourcesBuildPhase;
			buildActionMask = 2147483647;
			files = (
			);
			runOnlyForDeploymentPostprocessing = 0;
		};
		59E36320265D717C00BB1A4B /* Resources */ = {
			isa = PBXResourcesBuildPhase;
			buildActionMask = 2147483647;
			files = (
			);
			runOnlyForDeploymentPostprocessing = 0;
		};
/* End PBXResourcesBuildPhase section */

/* Begin PBXSourcesBuildPhase section */
		59E362FD265D717A00BB1A4B /* Sources */ = {
			isa = PBXSourcesBuildPhase;
			buildActionMask = 2147483647;
			files = (
				59E36309265D717A00BB1A4B /* FlightSuggestionsViewController.swift in Sources */,
				59267D8A2663C54100B8812B /* TransitionDelegate.swift in Sources */,
				596A768A266586A9006C36EE /* ZoomFlowLayout.swift in Sources */,
				596A767C266505CC006C36EE /* FlightBlurredCardView.swift in Sources */,
				596A767A2665054A006C36EE /* TitledLabel.swift in Sources */,
				59E36305265D717A00BB1A4B /* AppDelegate.swift in Sources */,
				59267D882663BB6B00B8812B /* FlightFullDetailsViewController.swift in Sources */,
				596A76FA266627AB006C36EE /* CurrentLocationProvider.swift in Sources */,
				59E36307265D717A00BB1A4B /* SceneDelegate.swift in Sources */,
				596A76F82666278F006C36EE /* CurrentDateProvider.swift in Sources */,
				596A76782665051F006C36EE /* FlightCardView.swift in Sources */,
				596A7684266507B8006C36EE /* BlurredCardView.swift in Sources */,
			);
			runOnlyForDeploymentPostprocessing = 0;
		};
		59E36313265D717C00BB1A4B /* Sources */ = {
			isa = PBXSourcesBuildPhase;
			buildActionMask = 2147483647;
			files = (
				59E3631C265D717C00BB1A4B /* KiwiSuggestionsTests.swift in Sources */,
			);
			runOnlyForDeploymentPostprocessing = 0;
		};
		59E3631E265D717C00BB1A4B /* Sources */ = {
			isa = PBXSourcesBuildPhase;
			buildActionMask = 2147483647;
			files = (
				59E36327265D717C00BB1A4B /* KiwiSuggestionsUITests.swift in Sources */,
			);
			runOnlyForDeploymentPostprocessing = 0;
		};
/* End PBXSourcesBuildPhase section */

/* Begin PBXTargetDependency section */
		59E36319265D717C00BB1A4B /* PBXTargetDependency */ = {
			isa = PBXTargetDependency;
			target = 59E36300265D717A00BB1A4B /* KiwiSuggestions */;
			targetProxy = 59E36318265D717C00BB1A4B /* PBXContainerItemProxy */;
		};
		59E36324265D717C00BB1A4B /* PBXTargetDependency */ = {
			isa = PBXTargetDependency;
			target = 59E36300265D717A00BB1A4B /* KiwiSuggestions */;
			targetProxy = 59E36323265D717C00BB1A4B /* PBXContainerItemProxy */;
		};
/* End PBXTargetDependency section */

/* Begin PBXVariantGroup section */
		59E3630A265D717A00BB1A4B /* Main.storyboard */ = {
			isa = PBXVariantGroup;
			children = (
				59E3630B265D717A00BB1A4B /* Base */,
			);
			name = Main.storyboard;
			sourceTree = "<group>";
		};
		59E3630F265D717C00BB1A4B /* LaunchScreen.storyboard */ = {
			isa = PBXVariantGroup;
			children = (
				59E36310265D717C00BB1A4B /* Base */,
			);
			name = LaunchScreen.storyboard;
			sourceTree = "<group>";
		};
/* End PBXVariantGroup section */

/* Begin XCBuildConfiguration section */
		59E36329265D717C00BB1A4B /* Debug */ = {
			isa = XCBuildConfiguration;
			buildSettings = {
				ALWAYS_SEARCH_USER_PATHS = NO;
				CLANG_ANALYZER_NONNULL = YES;
				CLANG_ANALYZER_NUMBER_OBJECT_CONVERSION = YES_AGGRESSIVE;
				CLANG_CXX_LANGUAGE_STANDARD = "gnu++14";
				CLANG_CXX_LIBRARY = "libc++";
				CLANG_ENABLE_MODULES = YES;
				CLANG_ENABLE_OBJC_ARC = YES;
				CLANG_ENABLE_OBJC_WEAK = YES;
				CLANG_WARN_BLOCK_CAPTURE_AUTORELEASING = YES;
				CLANG_WARN_BOOL_CONVERSION = YES;
				CLANG_WARN_COMMA = YES;
				CLANG_WARN_CONSTANT_CONVERSION = YES;
				CLANG_WARN_DEPRECATED_OBJC_IMPLEMENTATIONS = YES;
				CLANG_WARN_DIRECT_OBJC_ISA_USAGE = YES_ERROR;
				CLANG_WARN_DOCUMENTATION_COMMENTS = YES;
				CLANG_WARN_EMPTY_BODY = YES;
				CLANG_WARN_ENUM_CONVERSION = YES;
				CLANG_WARN_INFINITE_RECURSION = YES;
				CLANG_WARN_INT_CONVERSION = YES;
				CLANG_WARN_NON_LITERAL_NULL_CONVERSION = YES;
				CLANG_WARN_OBJC_IMPLICIT_RETAIN_SELF = YES;
				CLANG_WARN_OBJC_LITERAL_CONVERSION = YES;
				CLANG_WARN_OBJC_ROOT_CLASS = YES_ERROR;
				CLANG_WARN_QUOTED_INCLUDE_IN_FRAMEWORK_HEADER = YES;
				CLANG_WARN_RANGE_LOOP_ANALYSIS = YES;
				CLANG_WARN_STRICT_PROTOTYPES = YES;
				CLANG_WARN_SUSPICIOUS_MOVE = YES;
				CLANG_WARN_UNGUARDED_AVAILABILITY = YES_AGGRESSIVE;
				CLANG_WARN_UNREACHABLE_CODE = YES;
				CLANG_WARN__DUPLICATE_METHOD_MATCH = YES;
				COPY_PHASE_STRIP = NO;
				DEBUG_INFORMATION_FORMAT = dwarf;
				ENABLE_STRICT_OBJC_MSGSEND = YES;
				ENABLE_TESTABILITY = YES;
				GCC_C_LANGUAGE_STANDARD = gnu11;
				GCC_DYNAMIC_NO_PIC = NO;
				GCC_NO_COMMON_BLOCKS = YES;
				GCC_OPTIMIZATION_LEVEL = 0;
				GCC_PREPROCESSOR_DEFINITIONS = (
					"DEBUG=1",
					"$(inherited)",
				);
				GCC_WARN_64_TO_32_BIT_CONVERSION = YES;
				GCC_WARN_ABOUT_RETURN_TYPE = YES_ERROR;
				GCC_WARN_UNDECLARED_SELECTOR = YES;
				GCC_WARN_UNINITIALIZED_AUTOS = YES_AGGRESSIVE;
				GCC_WARN_UNUSED_FUNCTION = YES;
				GCC_WARN_UNUSED_VARIABLE = YES;
				IPHONEOS_DEPLOYMENT_TARGET = 14.5;
				MTL_ENABLE_DEBUG_INFO = INCLUDE_SOURCE;
				MTL_FAST_MATH = YES;
				ONLY_ACTIVE_ARCH = YES;
				SDKROOT = iphoneos;
				SWIFT_ACTIVE_COMPILATION_CONDITIONS = DEBUG;
				SWIFT_OPTIMIZATION_LEVEL = "-Onone";
			};
			name = Debug;
		};
		59E3632A265D717C00BB1A4B /* Release */ = {
			isa = XCBuildConfiguration;
			buildSettings = {
				ALWAYS_SEARCH_USER_PATHS = NO;
				CLANG_ANALYZER_NONNULL = YES;
				CLANG_ANALYZER_NUMBER_OBJECT_CONVERSION = YES_AGGRESSIVE;
				CLANG_CXX_LANGUAGE_STANDARD = "gnu++14";
				CLANG_CXX_LIBRARY = "libc++";
				CLANG_ENABLE_MODULES = YES;
				CLANG_ENABLE_OBJC_ARC = YES;
				CLANG_ENABLE_OBJC_WEAK = YES;
				CLANG_WARN_BLOCK_CAPTURE_AUTORELEASING = YES;
				CLANG_WARN_BOOL_CONVERSION = YES;
				CLANG_WARN_COMMA = YES;
				CLANG_WARN_CONSTANT_CONVERSION = YES;
				CLANG_WARN_DEPRECATED_OBJC_IMPLEMENTATIONS = YES;
				CLANG_WARN_DIRECT_OBJC_ISA_USAGE = YES_ERROR;
				CLANG_WARN_DOCUMENTATION_COMMENTS = YES;
				CLANG_WARN_EMPTY_BODY = YES;
				CLANG_WARN_ENUM_CONVERSION = YES;
				CLANG_WARN_INFINITE_RECURSION = YES;
				CLANG_WARN_INT_CONVERSION = YES;
				CLANG_WARN_NON_LITERAL_NULL_CONVERSION = YES;
				CLANG_WARN_OBJC_IMPLICIT_RETAIN_SELF = YES;
				CLANG_WARN_OBJC_LITERAL_CONVERSION = YES;
				CLANG_WARN_OBJC_ROOT_CLASS = YES_ERROR;
				CLANG_WARN_QUOTED_INCLUDE_IN_FRAMEWORK_HEADER = YES;
				CLANG_WARN_RANGE_LOOP_ANALYSIS = YES;
				CLANG_WARN_STRICT_PROTOTYPES = YES;
				CLANG_WARN_SUSPICIOUS_MOVE = YES;
				CLANG_WARN_UNGUARDED_AVAILABILITY = YES_AGGRESSIVE;
				CLANG_WARN_UNREACHABLE_CODE = YES;
				CLANG_WARN__DUPLICATE_METHOD_MATCH = YES;
				COPY_PHASE_STRIP = NO;
				DEBUG_INFORMATION_FORMAT = "dwarf-with-dsym";
				ENABLE_NS_ASSERTIONS = NO;
				ENABLE_STRICT_OBJC_MSGSEND = YES;
				GCC_C_LANGUAGE_STANDARD = gnu11;
				GCC_NO_COMMON_BLOCKS = YES;
				GCC_WARN_64_TO_32_BIT_CONVERSION = YES;
				GCC_WARN_ABOUT_RETURN_TYPE = YES_ERROR;
				GCC_WARN_UNDECLARED_SELECTOR = YES;
				GCC_WARN_UNINITIALIZED_AUTOS = YES_AGGRESSIVE;
				GCC_WARN_UNUSED_FUNCTION = YES;
				GCC_WARN_UNUSED_VARIABLE = YES;
				IPHONEOS_DEPLOYMENT_TARGET = 14.5;
				MTL_ENABLE_DEBUG_INFO = NO;
				MTL_FAST_MATH = YES;
				SDKROOT = iphoneos;
				SWIFT_COMPILATION_MODE = wholemodule;
				SWIFT_OPTIMIZATION_LEVEL = "-O";
				VALIDATE_PRODUCT = YES;
			};
			name = Release;
		};
		59E3632C265D717C00BB1A4B /* Debug */ = {
			isa = XCBuildConfiguration;
			buildSettings = {
				ASSETCATALOG_COMPILER_APPICON_NAME = AppIcon;
				ASSETCATALOG_COMPILER_GLOBAL_ACCENT_COLOR_NAME = AccentColor;
				CODE_SIGN_ENTITLEMENTS = KiwiSuggestions/KiwiSuggestions.entitlements;
				CODE_SIGN_STYLE = Automatic;
				DEVELOPMENT_TEAM = 2ZCLG4KKN6;
				INFOPLIST_FILE = KiwiSuggestions/Info.plist;
				IPHONEOS_DEPLOYMENT_TARGET = 13.0;
				LD_RUNPATH_SEARCH_PATHS = (
					"$(inherited)",
					"@executable_path/Frameworks",
				);
				PRODUCT_BUNDLE_IDENTIFIER = kiwi.flights.KiwiSuggestions;
				PRODUCT_NAME = "$(TARGET_NAME)";
				SUPPORTS_MACCATALYST = YES;
				SWIFT_VERSION = 5.0;
				TARGETED_DEVICE_FAMILY = "1,2";
			};
			name = Debug;
		};
		59E3632D265D717C00BB1A4B /* Release */ = {
			isa = XCBuildConfiguration;
			buildSettings = {
				ASSETCATALOG_COMPILER_APPICON_NAME = AppIcon;
				ASSETCATALOG_COMPILER_GLOBAL_ACCENT_COLOR_NAME = AccentColor;
				CODE_SIGN_ENTITLEMENTS = KiwiSuggestions/KiwiSuggestions.entitlements;
				CODE_SIGN_STYLE = Automatic;
				DEVELOPMENT_TEAM = 2ZCLG4KKN6;
				INFOPLIST_FILE = KiwiSuggestions/Info.plist;
				IPHONEOS_DEPLOYMENT_TARGET = 13.0;
				LD_RUNPATH_SEARCH_PATHS = (
					"$(inherited)",
					"@executable_path/Frameworks",
				);
				PRODUCT_BUNDLE_IDENTIFIER = kiwi.flights.KiwiSuggestions;
				PRODUCT_NAME = "$(TARGET_NAME)";
				SUPPORTS_MACCATALYST = YES;
				SWIFT_VERSION = 5.0;
				TARGETED_DEVICE_FAMILY = "1,2";
			};
			name = Release;
		};
		59E3632F265D717C00BB1A4B /* Debug */ = {
			isa = XCBuildConfiguration;
			buildSettings = {
				ALWAYS_EMBED_SWIFT_STANDARD_LIBRARIES = YES;
				BUNDLE_LOADER = "$(TEST_HOST)";
				CODE_SIGN_STYLE = Automatic;
				DEVELOPMENT_TEAM = 2ZCLG4KKN6;
				INFOPLIST_FILE = KiwiSuggestionsTests/Info.plist;
				IPHONEOS_DEPLOYMENT_TARGET = 14.5;
				LD_RUNPATH_SEARCH_PATHS = (
					"$(inherited)",
					"@executable_path/Frameworks",
					"@loader_path/Frameworks",
				);
				PRODUCT_BUNDLE_IDENTIFIER = kiwi.flights.KiwiSuggestionsTests;
				PRODUCT_NAME = "$(TARGET_NAME)";
				SWIFT_VERSION = 5.0;
				TARGETED_DEVICE_FAMILY = "1,2";
				TEST_HOST = "$(BUILT_PRODUCTS_DIR)/KiwiSuggestions.app/KiwiSuggestions";
			};
			name = Debug;
		};
		59E36330265D717C00BB1A4B /* Release */ = {
			isa = XCBuildConfiguration;
			buildSettings = {
				ALWAYS_EMBED_SWIFT_STANDARD_LIBRARIES = YES;
				BUNDLE_LOADER = "$(TEST_HOST)";
				CODE_SIGN_STYLE = Automatic;
				DEVELOPMENT_TEAM = 2ZCLG4KKN6;
				INFOPLIST_FILE = KiwiSuggestionsTests/Info.plist;
				IPHONEOS_DEPLOYMENT_TARGET = 14.5;
				LD_RUNPATH_SEARCH_PATHS = (
					"$(inherited)",
					"@executable_path/Frameworks",
					"@loader_path/Frameworks",
				);
				PRODUCT_BUNDLE_IDENTIFIER = kiwi.flights.KiwiSuggestionsTests;
				PRODUCT_NAME = "$(TARGET_NAME)";
				SWIFT_VERSION = 5.0;
				TARGETED_DEVICE_FAMILY = "1,2";
				TEST_HOST = "$(BUILT_PRODUCTS_DIR)/KiwiSuggestions.app/KiwiSuggestions";
			};
			name = Release;
		};
		59E36332265D717C00BB1A4B /* Debug */ = {
			isa = XCBuildConfiguration;
			buildSettings = {
				ALWAYS_EMBED_SWIFT_STANDARD_LIBRARIES = YES;
				CODE_SIGN_STYLE = Automatic;
				DEVELOPMENT_TEAM = 2ZCLG4KKN6;
				INFOPLIST_FILE = KiwiSuggestionsUITests/Info.plist;
				LD_RUNPATH_SEARCH_PATHS = (
					"$(inherited)",
					"@executable_path/Frameworks",
					"@loader_path/Frameworks",
				);
				PRODUCT_BUNDLE_IDENTIFIER = kiwi.flights.KiwiSuggestionsUITests;
				PRODUCT_NAME = "$(TARGET_NAME)";
				SWIFT_VERSION = 5.0;
				TARGETED_DEVICE_FAMILY = "1,2";
				TEST_TARGET_NAME = KiwiSuggestions;
			};
			name = Debug;
		};
		59E36333265D717C00BB1A4B /* Release */ = {
			isa = XCBuildConfiguration;
			buildSettings = {
				ALWAYS_EMBED_SWIFT_STANDARD_LIBRARIES = YES;
				CODE_SIGN_STYLE = Automatic;
				DEVELOPMENT_TEAM = 2ZCLG4KKN6;
				INFOPLIST_FILE = KiwiSuggestionsUITests/Info.plist;
				LD_RUNPATH_SEARCH_PATHS = (
					"$(inherited)",
					"@executable_path/Frameworks",
					"@loader_path/Frameworks",
				);
				PRODUCT_BUNDLE_IDENTIFIER = kiwi.flights.KiwiSuggestionsUITests;
				PRODUCT_NAME = "$(TARGET_NAME)";
				SWIFT_VERSION = 5.0;
				TARGETED_DEVICE_FAMILY = "1,2";
				TEST_TARGET_NAME = KiwiSuggestions;
			};
			name = Release;
		};
/* End XCBuildConfiguration section */

/* Begin XCConfigurationList section */
		59E362FC265D717A00BB1A4B /* Build configuration list for PBXProject "KiwiSuggestions" */ = {
			isa = XCConfigurationList;
			buildConfigurations = (
				59E36329265D717C00BB1A4B /* Debug */,
				59E3632A265D717C00BB1A4B /* Release */,
			);
			defaultConfigurationIsVisible = 0;
			defaultConfigurationName = Release;
		};
		59E3632B265D717C00BB1A4B /* Build configuration list for PBXNativeTarget "KiwiSuggestions" */ = {
			isa = XCConfigurationList;
			buildConfigurations = (
				59E3632C265D717C00BB1A4B /* Debug */,
				59E3632D265D717C00BB1A4B /* Release */,
			);
			defaultConfigurationIsVisible = 0;
			defaultConfigurationName = Release;
		};
		59E3632E265D717C00BB1A4B /* Build configuration list for PBXNativeTarget "KiwiSuggestionsTests" */ = {
			isa = XCConfigurationList;
			buildConfigurations = (
				59E3632F265D717C00BB1A4B /* Debug */,
				59E36330265D717C00BB1A4B /* Release */,
			);
			defaultConfigurationIsVisible = 0;
			defaultConfigurationName = Release;
		};
		59E36331265D717C00BB1A4B /* Build configuration list for PBXNativeTarget "KiwiSuggestionsUITests" */ = {
			isa = XCConfigurationList;
			buildConfigurations = (
				59E36332265D717C00BB1A4B /* Debug */,
				59E36333265D717C00BB1A4B /* Release */,
			);
			defaultConfigurationIsVisible = 0;
			defaultConfigurationName = Release;
		};
/* End XCConfigurationList section */

/* Begin XCRemoteSwiftPackageReference section */
		5984C1F526619A87005945EB /* XCRemoteSwiftPackageReference "TinyConstraints" */ = {
			isa = XCRemoteSwiftPackageReference;
			repositoryURL = "https://github.com/roberthein/TinyConstraints.git";
			requirement = {
				kind = upToNextMajorVersion;
				minimumVersion = 4.0.1;
			};
		};
/* End XCRemoteSwiftPackageReference section */

/* Begin XCSwiftPackageProductDependency section */
		5984C1F626619A87005945EB /* TinyConstraints */ = {
			isa = XCSwiftPackageProductDependency;
			package = 5984C1F526619A87005945EB /* XCRemoteSwiftPackageReference "TinyConstraints" */;
			productName = TinyConstraints;
		};
/* End XCSwiftPackageProductDependency section */
	};
	rootObject = 59E362F9265D717A00BB1A4B /* Project object */;
}
